
Microsoft Visual Studio Solution File, Format Version 12.00
# Visual Studio Version 17
VisualStudioVersion = 17.5.002.0
MinimumVisualStudioVersion = 10.0.40219.1
Project("{9A19103F-16F7-4668-BE54-9A1E7A4F7556}") = "EnumsParte1", "EnumsParte1\EnumsParte1.csproj", "{2F803AF4-9438-490C-944D-2BD0C55C9CEE}"
EndProject
Project("{9A19103F-16F7-4668-BE54-9A1E7A4F7556}") = "ExercicioComposicao", "ExercicioComposicao\ExercicioComposicao.csproj", "{D404EA35-1A6B-450E-B920-209C50766775}"
EndProject
Project("{9A19103F-16F7-4668-BE54-9A1E7A4F7556}") = "Generics", "Generics\Generics.csproj", "{29F7B845-1F52-4933-9192-B053EA49E9A8}"
EndProject
Global
	GlobalSection(SolutionConfigurationPlatforms) = preSolution
		Debug|Any CPU = Debug|Any CPU
		Release|Any CPU = Release|Any CPU
	EndGlobalSection
	GlobalSection(ProjectConfigurationPlatforms) = postSolution
		{2F803AF4-9438-490C-944D-2BD0C55C9CEE}.Debug|Any CPU.ActiveCfg = Debug|Any CPU
		{2F803AF4-9438-490C-944D-2BD0C55C9CEE}.Debug|Any CPU.Build.0 = Debug|Any CPU
		{2F803AF4-9438-490C-944D-2BD0C55C9CEE}.Release|Any CPU.ActiveCfg = Release|Any CPU
		{2F803AF4-9438-490C-944D-2BD0C55C9CEE}.Release|Any CPU.Build.0 = Release|Any CPU
		{D404EA35-1A6B-450E-B920-209C50766775}.Debug|Any CPU.ActiveCfg = Debug|Any CPU
		{D404EA35-1A6B-450E-B920-209C50766775}.Debug|Any CPU.Build.0 = Debug|Any CPU
		{D404EA35-1A6B-450E-B920-209C50766775}.Release|Any CPU.ActiveCfg = Release|Any CPU
		{D404EA35-1A6B-450E-B920-209C50766775}.Release|Any CPU.Build.0 = Release|Any CPU
		{29F7B845-1F52-4933-9192-B053EA49E9A8}.Debug|Any CPU.ActiveCfg = Debug|Any CPU
		{29F7B845-1F52-4933-9192-B053EA49E9A8}.Debug|Any CPU.Build.0 = Debug|Any CPU
		{29F7B845-1F52-4933-9192-B053EA49E9A8}.Release|Any CPU.ActiveCfg = Release|Any CPU
		{29F7B845-1F52-4933-9192-B053EA49E9A8}.Release|Any CPU.Build.0 = Release|Any CPU
	EndGlobalSection
	GlobalSection(SolutionProperties) = preSolution
		HideSolutionNode = FALSE
	EndGlobalSection
	GlobalSection(ExtensibilityGlobals) = postSolution
		SolutionGuid = {85A56FCA-0D3B-44DB-9DEA-9C57EC2B18DB}
	EndGlobalSection
EndGlobal
