
Microsoft Visual Studio Solution File, Format Version 12.00
Project("{FAE04EC0-301F-11D3-BF4B-00C04F79EFBC}") = "Exercicio1", "Exercicio1\Exercicio1.csproj", "{62FBD890-D4C3-4B8E-AF1E-94A0ADEAC085}"
EndProject
Global
	GlobalSection(SolutionConfigurationPlatforms) = preSolution
		Debug|Any CPU = Debug|Any CPU
		Release|Any CPU = Release|Any CPU
	EndGlobalSection
	GlobalSection(ProjectConfigurationPlatforms) = postSolution
		{62FBD890-D4C3-4B8E-AF1E-94A0ADEAC085}.Debug|Any CPU.ActiveCfg = Debug|Any CPU
		{62FBD890-D4C3-4B8E-AF1E-94A0ADEAC085}.Debug|Any CPU.Build.0 = Debug|Any CPU
		{62FBD890-D4C3-4B8E-AF1E-94A0ADEAC085}.Release|Any CPU.ActiveCfg = Release|Any CPU
		{62FBD890-D4C3-4B8E-AF1E-94A0ADEAC085}.Release|Any CPU.Build.0 = Release|Any CPU
	EndGlobalSection
EndGlobal
